// !$*UTF8*$!
{
	archiveVersion = 1;
	classes = {
	};
	objectVersion = 46;
	objects = {

/* Begin PBXBuildFile section */
		02034F701E982667007AA66D /* AppDelegate.swift in Sources */ = {isa = PBXBuildFile; fileRef = 02034F6F1E982667007AA66D /* AppDelegate.swift */; };
		02034F721E982667007AA66D /* MainViewController.swift in Sources */ = {isa = PBXBuildFile; fileRef = 02034F711E982667007AA66D /* MainViewController.swift */; };
		02034F751E982667007AA66D /* Main.storyboard in Resources */ = {isa = PBXBuildFile; fileRef = 02034F731E982667007AA66D /* Main.storyboard */; };
		02034F771E982667007AA66D /* Assets.xcassets in Resources */ = {isa = PBXBuildFile; fileRef = 02034F761E982667007AA66D /* Assets.xcassets */; };
		02034F7A1E982667007AA66D /* LaunchScreen.storyboard in Resources */ = {isa = PBXBuildFile; fileRef = 02034F781E982667007AA66D /* LaunchScreen.storyboard */; };
		0265FB091E98524600F6F611 /* Roboto-Regular.ttf in Resources */ = {isa = PBXBuildFile; fileRef = 0265FB081E98524600F6F611 /* Roboto-Regular.ttf */; };
		0265FB0C1E9852C600F6F611 /* Roboto-Medium.ttf in Resources */ = {isa = PBXBuildFile; fileRef = 0265FB0B1E9852C600F6F611 /* Roboto-Medium.ttf */; };
		0265FB0F1E98574500F6F611 /* PokemonCollectionViewCell.swift in Sources */ = {isa = PBXBuildFile; fileRef = 0265FB0E1E98574500F6F611 /* PokemonCollectionViewCell.swift */; };
		0265FB121E9860B900F6F611 /* csv.swift in Sources */ = {isa = PBXBuildFile; fileRef = 0265FB111E9860B900F6F611 /* csv.swift */; };
		0265FB151E98664200F6F611 /* Pokemon Hollow.ttf in Resources */ = {isa = PBXBuildFile; fileRef = 0265FB131E98664200F6F611 /* Pokemon Hollow.ttf */; };
		0265FB161E98664200F6F611 /* Pokemon Solid.ttf in Resources */ = {isa = PBXBuildFile; fileRef = 0265FB141E98664200F6F611 /* Pokemon Solid.ttf */; };
		0265FB181E986C0B00F6F611 /* music.mp3 in Resources */ = {isa = PBXBuildFile; fileRef = 0265FB171E986C0B00F6F611 /* music.mp3 */; };
		027EFC621E9845F900AC4263 /* pokemon.csv in Resources */ = {isa = PBXBuildFile; fileRef = 027EFC611E9845F900AC4263 /* pokemon.csv */; };
		027EFC651E984A4E00AC4263 /* Pokemon.swift in Sources */ = {isa = PBXBuildFile; fileRef = 027EFC641E984A4E00AC4263 /* Pokemon.swift */; };
		0286D1001E999F210061CBDC /* UrlBuilder.swift in Sources */ = {isa = PBXBuildFile; fileRef = 0286D0FF1E999F210061CBDC /* UrlBuilder.swift */; };
		0286D1021E99B3D80061CBDC /* ToggleMusic.swift in Sources */ = {isa = PBXBuildFile; fileRef = 0286D1011E99B3D80061CBDC /* ToggleMusic.swift */; };
		02F8BB941E9969410022DD51 /* PokemonDetailViewController.swift in Sources */ = {isa = PBXBuildFile; fileRef = 02F8BB931E9969410022DD51 /* PokemonDetailViewController.swift */; };
		6D8B13701FF7C4BC29F9928D /* Pods_Pokedex.framework in Frameworks */ = {isa = PBXBuildFile; fileRef = 6FFBAB24A22C2C1F8E6F1874 /* Pods_Pokedex.framework */; };
/* End PBXBuildFile section */

/* Begin PBXFileReference section */
		02034F6C1E982667007AA66D /* Pokedex.app */ = {isa = PBXFileReference; explicitFileType = wrapper.application; includeInIndex = 0; path = Pokedex.app; sourceTree = BUILT_PRODUCTS_DIR; };
		02034F6F1E982667007AA66D /* AppDelegate.swift */ = {isa = PBXFileReference; lastKnownFileType = sourcecode.swift; path = AppDelegate.swift; sourceTree = "<group>"; };
		02034F711E982667007AA66D /* MainViewController.swift */ = {isa = PBXFileReference; lastKnownFileType = sourcecode.swift; path = MainViewController.swift; sourceTree = "<group>"; };
		02034F741E982667007AA66D /* Base */ = {isa = PBXFileReference; lastKnownFileType = file.storyboard; name = Base; path = Base.lproj/Main.storyboard; sourceTree = "<group>"; };
		02034F761E982667007AA66D /* Assets.xcassets */ = {isa = PBXFileReference; lastKnownFileType = folder.assetcatalog; path = Assets.xcassets; sourceTree = "<group>"; };
		02034F791E982667007AA66D /* Base */ = {isa = PBXFileReference; lastKnownFileType = file.storyboard; name = Base; path = Base.lproj/LaunchScreen.storyboard; sourceTree = "<group>"; };
		02034F7B1E982667007AA66D /* Info.plist */ = {isa = PBXFileReference; lastKnownFileType = text.plist.xml; path = Info.plist; sourceTree = "<group>"; };
		0265FB081E98524600F6F611 /* Roboto-Regular.ttf */ = {isa = PBXFileReference; lastKnownFileType = file; path = "Roboto-Regular.ttf"; sourceTree = "<group>"; };
		0265FB0B1E9852C600F6F611 /* Roboto-Medium.ttf */ = {isa = PBXFileReference; lastKnownFileType = file; path = "Roboto-Medium.ttf"; sourceTree = "<group>"; };
		0265FB0E1E98574500F6F611 /* PokemonCollectionViewCell.swift */ = {isa = PBXFileReference; fileEncoding = 4; lastKnownFileType = sourcecode.swift; path = PokemonCollectionViewCell.swift; sourceTree = "<group>"; };
		0265FB111E9860B900F6F611 /* csv.swift */ = {isa = PBXFileReference; fileEncoding = 4; lastKnownFileType = sourcecode.swift; path = csv.swift; sourceTree = "<group>"; };
		0265FB131E98664200F6F611 /* Pokemon Hollow.ttf */ = {isa = PBXFileReference; lastKnownFileType = file; path = "Pokemon Hollow.ttf"; sourceTree = "<group>"; };
		0265FB141E98664200F6F611 /* Pokemon Solid.ttf */ = {isa = PBXFileReference; lastKnownFileType = file; path = "Pokemon Solid.ttf"; sourceTree = "<group>"; };
		0265FB171E986C0B00F6F611 /* music.mp3 */ = {isa = PBXFileReference; lastKnownFileType = audio.mp3; path = music.mp3; sourceTree = "<group>"; };
		027EFC611E9845F900AC4263 /* pokemon.csv */ = {isa = PBXFileReference; fileEncoding = 4; lastKnownFileType = text; path = pokemon.csv; sourceTree = "<group>"; };
		027EFC641E984A4E00AC4263 /* Pokemon.swift */ = {isa = PBXFileReference; fileEncoding = 4; lastKnownFileType = sourcecode.swift; path = Pokemon.swift; sourceTree = "<group>"; };
		0286D0FF1E999F210061CBDC /* UrlBuilder.swift */ = {isa = PBXFileReference; fileEncoding = 4; lastKnownFileType = sourcecode.swift; path = UrlBuilder.swift; sourceTree = "<group>"; };
		0286D1011E99B3D80061CBDC /* ToggleMusic.swift */ = {isa = PBXFileReference; fileEncoding = 4; lastKnownFileType = sourcecode.swift; path = ToggleMusic.swift; sourceTree = "<group>"; };
		02F8BB931E9969410022DD51 /* PokemonDetailViewController.swift */ = {isa = PBXFileReference; fileEncoding = 4; lastKnownFileType = sourcecode.swift; path = PokemonDetailViewController.swift; sourceTree = "<group>"; };
		14B79C917234A4EF04009F98 /* Pods-Pokedex.release.xcconfig */ = {isa = PBXFileReference; includeInIndex = 1; lastKnownFileType = text.xcconfig; name = "Pods-Pokedex.release.xcconfig"; path = "Pods/Target Support Files/Pods-Pokedex/Pods-Pokedex.release.xcconfig"; sourceTree = "<group>"; };
		6FFBAB24A22C2C1F8E6F1874 /* Pods_Pokedex.framework */ = {isa = PBXFileReference; explicitFileType = wrapper.framework; includeInIndex = 0; path = Pods_Pokedex.framework; sourceTree = BUILT_PRODUCTS_DIR; };
		D5AC56A1CDCF59C67D64E7F0 /* Pods-Pokedex.debug.xcconfig */ = {isa = PBXFileReference; includeInIndex = 1; lastKnownFileType = text.xcconfig; name = "Pods-Pokedex.debug.xcconfig"; path = "Pods/Target Support Files/Pods-Pokedex/Pods-Pokedex.debug.xcconfig"; sourceTree = "<group>"; };
/* End PBXFileReference section */

/* Begin PBXFrameworksBuildPhase section */
		02034F691E982667007AA66D /* Frameworks */ = {
			isa = PBXFrameworksBuildPhase;
			buildActionMask = 2147483647;
			files = (
				6D8B13701FF7C4BC29F9928D /* Pods_Pokedex.framework in Frameworks */,
			);
			runOnlyForDeploymentPostprocessing = 0;
		};
/* End PBXFrameworksBuildPhase section */

/* Begin PBXGroup section */
		02034F631E982667007AA66D = {
			isa = PBXGroup;
			children = (
				02034F6E1E982667007AA66D /* Pokedex */,
				02034F6D1E982667007AA66D /* Products */,
				2B4159456E7B82E5D816CB05 /* Pods */,
				7F0FBF1CE360AD77304BB2A7 /* Frameworks */,
			);
			sourceTree = "<group>";
		};
		02034F6D1E982667007AA66D /* Products */ = {
			isa = PBXGroup;
			children = (
				02034F6C1E982667007AA66D /* Pokedex.app */,
			);
			name = Products;
			sourceTree = "<group>";
		};
		02034F6E1E982667007AA66D /* Pokedex */ = {
			isa = PBXGroup;
			children = (
				0265FB191E986C1500F6F611 /* Util */,
				0265FB0A1E98524E00F6F611 /* Resource */,
				027EFC631E984A2F00AC4263 /* Model */,
				0265FB0D1E9856FB00F6F611 /* View */,
				0265FB101E98592E00F6F611 /* Controller */,
				02034F6F1E982667007AA66D /* AppDelegate.swift */,
				02034F731E982667007AA66D /* Main.storyboard */,
				02034F761E982667007AA66D /* Assets.xcassets */,
				02034F781E982667007AA66D /* LaunchScreen.storyboard */,
				02034F7B1E982667007AA66D /* Info.plist */,
			);
			path = Pokedex;
			sourceTree = "<group>";
		};
		0265FB0A1E98524E00F6F611 /* Resource */ = {
			isa = PBXGroup;
			children = (
				0265FB171E986C0B00F6F611 /* music.mp3 */,
				0265FB131E98664200F6F611 /* Pokemon Hollow.ttf */,
				0265FB141E98664200F6F611 /* Pokemon Solid.ttf */,
				0265FB081E98524600F6F611 /* Roboto-Regular.ttf */,
				0265FB0B1E9852C600F6F611 /* Roboto-Medium.ttf */,
				027EFC611E9845F900AC4263 /* pokemon.csv */,
			);
			name = Resource;
			sourceTree = "<group>";
		};
		0265FB0D1E9856FB00F6F611 /* View */ = {
			isa = PBXGroup;
			children = (
				0265FB0E1E98574500F6F611 /* PokemonCollectionViewCell.swift */,
			);
			name = View;
			sourceTree = "<group>";
		};
		0265FB101E98592E00F6F611 /* Controller */ = {
			isa = PBXGroup;
			children = (
				02034F711E982667007AA66D /* MainViewController.swift */,
				02F8BB931E9969410022DD51 /* PokemonDetailViewController.swift */,
			);
			name = Controller;
			sourceTree = "<group>";
		};
		0265FB191E986C1500F6F611 /* Util */ = {
			isa = PBXGroup;
			children = (
				0265FB111E9860B900F6F611 /* csv.swift */,
				0286D0FF1E999F210061CBDC /* UrlBuilder.swift */,
				0286D1011E99B3D80061CBDC /* ToggleMusic.swift */,
			);
			name = Util;
			sourceTree = "<group>";
		};
		027EFC631E984A2F00AC4263 /* Model */ = {
			isa = PBXGroup;
			children = (
				027EFC641E984A4E00AC4263 /* Pokemon.swift */,
			);
			name = Model;
			sourceTree = "<group>";
		};
		2B4159456E7B82E5D816CB05 /* Pods */ = {
			isa = PBXGroup;
			children = (
				D5AC56A1CDCF59C67D64E7F0 /* Pods-Pokedex.debug.xcconfig */,
				14B79C917234A4EF04009F98 /* Pods-Pokedex.release.xcconfig */,
			);
			name = Pods;
			sourceTree = "<group>";
		};
		7F0FBF1CE360AD77304BB2A7 /* Frameworks */ = {
			isa = PBXGroup;
			children = (
				6FFBAB24A22C2C1F8E6F1874 /* Pods_Pokedex.framework */,
			);
			name = Frameworks;
			sourceTree = "<group>";
		};
/* End PBXGroup section */

/* Begin PBXNativeTarget section */
		02034F6B1E982667007AA66D /* Pokedex */ = {
			isa = PBXNativeTarget;
			buildConfigurationList = 02034F7E1E982667007AA66D /* Build configuration list for PBXNativeTarget "Pokedex" */;
			buildPhases = (
				08505D1B00E65DC6039B97C6 /* [CP] Check Pods Manifest.lock */,
				02034F681E982667007AA66D /* Sources */,
				02034F691E982667007AA66D /* Frameworks */,
				02034F6A1E982667007AA66D /* Resources */,
				C055BE49EF5026B075985BA0 /* [CP] Embed Pods Frameworks */,
				703C3ADC4D49F98447F59263 /* [CP] Copy Pods Resources */,
			);
			buildRules = (
			);
			dependencies = (
			);
			name = Pokedex;
			productName = Pokedex;
			productReference = 02034F6C1E982667007AA66D /* Pokedex.app */;
			productType = "com.apple.product-type.application";
		};
/* End PBXNativeTarget section */

/* Begin PBXProject section */
		02034F641E982667007AA66D /* Project object */ = {
			isa = PBXProject;
			attributes = {
				LastSwiftUpdateCheck = 0830;
				LastUpgradeCheck = 0830;
				ORGANIZATIONNAME = "Bailig Abhanar";
				TargetAttributes = {
					02034F6B1E982667007AA66D = {
						CreatedOnToolsVersion = 8.3;
						LastSwiftMigration = 0830;
						ProvisioningStyle = Automatic;
					};
				};
			};
			buildConfigurationList = 02034F671E982667007AA66D /* Build configuration list for PBXProject "Pokedex" */;
			compatibilityVersion = "Xcode 3.2";
			developmentRegion = English;
			hasScannedForEncodings = 0;
			knownRegions = (
				en,
				Base,
			);
			mainGroup = 02034F631E982667007AA66D;
			productRefGroup = 02034F6D1E982667007AA66D /* Products */;
			projectDirPath = "";
			projectRoot = "";
			targets = (
				02034F6B1E982667007AA66D /* Pokedex */,
			);
		};
/* End PBXProject section */

/* Begin PBXResourcesBuildPhase section */
		02034F6A1E982667007AA66D /* Resources */ = {
			isa = PBXResourcesBuildPhase;
			buildActionMask = 2147483647;
			files = (
				02034F7A1E982667007AA66D /* LaunchScreen.storyboard in Resources */,
				0265FB161E98664200F6F611 /* Pokemon Solid.ttf in Resources */,
				0265FB181E986C0B00F6F611 /* music.mp3 in Resources */,
				02034F771E982667007AA66D /* Assets.xcassets in Resources */,
				0265FB0C1E9852C600F6F611 /* Roboto-Medium.ttf in Resources */,
				0265FB091E98524600F6F611 /* Roboto-Regular.ttf in Resources */,
				027EFC621E9845F900AC4263 /* pokemon.csv in Resources */,
				02034F751E982667007AA66D /* Main.storyboard in Resources */,
				0265FB151E98664200F6F611 /* Pokemon Hollow.ttf in Resources */,
			);
			runOnlyForDeploymentPostprocessing = 0;
		};
/* End PBXResourcesBuildPhase section */

/* Begin PBXShellScriptBuildPhase section */
		08505D1B00E65DC6039B97C6 /* [CP] Check Pods Manifest.lock */ = {
			isa = PBXShellScriptBuildPhase;
			buildActionMask = 2147483647;
			files = (
			);
			inputPaths = (
			);
			name = "[CP] Check Pods Manifest.lock";
			outputPaths = (
			);
			runOnlyForDeploymentPostprocessing = 0;
			shellPath = /bin/sh;
			shellScript = "diff \"${PODS_ROOT}/../Podfile.lock\" \"${PODS_ROOT}/Manifest.lock\" > /dev/null\nif [ $? != 0 ] ; then\n    # print error to STDERR\n    echo \"error: The sandbox is not in sync with the Podfile.lock. Run 'pod install' or update your CocoaPods installation.\" >&2\n    exit 1\nfi\n";
			showEnvVarsInLog = 0;
		};
		703C3ADC4D49F98447F59263 /* [CP] Copy Pods Resources */ = {
			isa = PBXShellScriptBuildPhase;
			buildActionMask = 2147483647;
			files = (
			);
			inputPaths = (
			);
			name = "[CP] Copy Pods Resources";
			outputPaths = (
			);
			runOnlyForDeploymentPostprocessing = 0;
			shellPath = /bin/sh;
			shellScript = "\"${SRCROOT}/Pods/Target Support Files/Pods-Pokedex/Pods-Pokedex-resources.sh\"\n";
			showEnvVarsInLog = 0;
		};
		C055BE49EF5026B075985BA0 /* [CP] Embed Pods Frameworks */ = {
			isa = PBXShellScriptBuildPhase;
			buildActionMask = 2147483647;
			files = (
			);
			inputPaths = (
			);
			name = "[CP] Embed Pods Frameworks";
			outputPaths = (
			);
			runOnlyForDeploymentPostprocessing = 0;
			shellPath = /bin/sh;
			shellScript = "\"${SRCROOT}/Pods/Target Support Files/Pods-Pokedex/Pods-Pokedex-frameworks.sh\"\n";
			showEnvVarsInLog = 0;
		};
/* End PBXShellScriptBuildPhase section */

/* Begin PBXSourcesBuildPhase section */
		02034F681E982667007AA66D /* Sources */ = {
			isa = PBXSourcesBuildPhase;
			buildActionMask = 2147483647;
			files = (
				02034F721E982667007AA66D /* MainViewController.swift in Sources */,
				02034F701E982667007AA66D /* AppDelegate.swift in Sources */,
				0265FB0F1E98574500F6F611 /* PokemonCollectionViewCell.swift in Sources */,
				027EFC651E984A4E00AC4263 /* Pokemon.swift in Sources */,
				0265FB121E9860B900F6F611 /* csv.swift in Sources */,
				0286D1001E999F210061CBDC /* UrlBuilder.swift in Sources */,
				02F8BB941E9969410022DD51 /* PokemonDetailViewController.swift in Sources */,
				0286D1021E99B3D80061CBDC /* ToggleMusic.swift in Sources */,
			);
			runOnlyForDeploymentPostprocessing = 0;
		};
/* End PBXSourcesBuildPhase section */

/* Begin PBXVariantGroup section */
		02034F731E982667007AA66D /* Main.storyboard */ = {
			isa = PBXVariantGroup;
			children = (
				02034F741E982667007AA66D /* Base */,
			);
			name = Main.storyboard;
			sourceTree = "<group>";
		};
		02034F781E982667007AA66D /* LaunchScreen.storyboard */ = {
			isa = PBXVariantGroup;
			children = (
				02034F791E982667007AA66D /* Base */,
			);
			name = LaunchScreen.storyboard;
			sourceTree = "<group>";
		};
/* End PBXVariantGroup section */

/* Begin XCBuildConfiguration section */
		02034F7C1E982667007AA66D /* Debug */ = {
			isa = XCBuildConfiguration;
			buildSettings = {
				ALWAYS_SEARCH_USER_PATHS = NO;
				CLANG_ANALYZER_NONNULL = YES;
				CLANG_ANALYZER_NUMBER_OBJECT_CONVERSION = YES_AGGRESSIVE;
				CLANG_CXX_LANGUAGE_STANDARD = "gnu++0x";
				CLANG_CXX_LIBRARY = "libc++";
				CLANG_ENABLE_MODULES = YES;
				CLANG_ENABLE_OBJC_ARC = YES;
				CLANG_WARN_BOOL_CONVERSION = YES;
				CLANG_WARN_CONSTANT_CONVERSION = YES;
				CLANG_WARN_DIRECT_OBJC_ISA_USAGE = YES_ERROR;
				CLANG_WARN_DOCUMENTATION_COMMENTS = YES;
				CLANG_WARN_EMPTY_BODY = YES;
				CLANG_WARN_ENUM_CONVERSION = YES;
				CLANG_WARN_INFINITE_RECURSION = YES;
				CLANG_WARN_INT_CONVERSION = YES;
				CLANG_WARN_OBJC_ROOT_CLASS = YES_ERROR;
				CLANG_WARN_SUSPICIOUS_MOVE = YES;
				CLANG_WARN_UNREACHABLE_CODE = YES;
				CLANG_WARN__DUPLICATE_METHOD_MATCH = YES;
				"CODE_SIGN_IDENTITY[sdk=iphoneos*]" = "iPhone Developer";
				COPY_PHASE_STRIP = NO;
				DEBUG_INFORMATION_FORMAT = dwarf;
				ENABLE_STRICT_OBJC_MSGSEND = YES;
				ENABLE_TESTABILITY = YES;
				GCC_C_LANGUAGE_STANDARD = gnu99;
				GCC_DYNAMIC_NO_PIC = NO;
				GCC_NO_COMMON_BLOCKS = YES;
				GCC_OPTIMIZATION_LEVEL = 0;
				GCC_PREPROCESSOR_DEFINITIONS = (
					"DEBUG=1",
					"$(inherited)",
				);
				GCC_WARN_64_TO_32_BIT_CONVERSION = YES;
				GCC_WARN_ABOUT_RETURN_TYPE = YES_ERROR;
				GCC_WARN_UNDECLARED_SELECTOR = YES;
				GCC_WARN_UNINITIALIZED_AUTOS = YES_AGGRESSIVE;
				GCC_WARN_UNUSED_FUNCTION = YES;
				GCC_WARN_UNUSED_VARIABLE = YES;
				IPHONEOS_DEPLOYMENT_TARGET = 10.3;
				MTL_ENABLE_DEBUG_INFO = YES;
				ONLY_ACTIVE_ARCH = YES;
				SDKROOT = iphoneos;
				SWIFT_ACTIVE_COMPILATION_CONDITIONS = DEBUG;
				SWIFT_OPTIMIZATION_LEVEL = "-Onone";
			};
			name = Debug;
		};
		02034F7D1E982667007AA66D /* Release */ = {
			isa = XCBuildConfiguration;
			buildSettings = {
				ALWAYS_SEARCH_USER_PATHS = NO;
				CLANG_ANALYZER_NONNULL = YES;
				CLANG_ANALYZER_NUMBER_OBJECT_CONVERSION = YES_AGGRESSIVE;
				CLANG_CXX_LANGUAGE_STANDARD = "gnu++0x";
				CLANG_CXX_LIBRARY = "libc++";
				CLANG_ENABLE_MODULES = YES;
				CLANG_ENABLE_OBJC_ARC = YES;
				CLANG_WARN_BOOL_CONVERSION = YES;
				CLANG_WARN_CONSTANT_CONVERSION = YES;
				CLANG_WARN_DIRECT_OBJC_ISA_USAGE = YES_ERROR;
				CLANG_WARN_DOCUMENTATION_COMMENTS = YES;
				CLANG_WARN_EMPTY_BODY = YES;
				CLANG_WARN_ENUM_CONVERSION = YES;
				CLANG_WARN_INFINITE_RECURSION = YES;
				CLANG_WARN_INT_CONVERSION = YES;
				CLANG_WARN_OBJC_ROOT_CLASS = YES_ERROR;
				CLANG_WARN_SUSPICIOUS_MOVE = YES;
				CLANG_WARN_UNREACHABLE_CODE = YES;
				CLANG_WARN__DUPLICATE_METHOD_MATCH = YES;
				"CODE_SIGN_IDENTITY[sdk=iphoneos*]" = "iPhone Developer";
				COPY_PHASE_STRIP = NO;
				DEBUG_INFORMATION_FORMAT = "dwarf-with-dsym";
				ENABLE_NS_ASSERTIONS = NO;
				ENABLE_STRICT_OBJC_MSGSEND = YES;
				GCC_C_LANGUAGE_STANDARD = gnu99;
				GCC_NO_COMMON_BLOCKS = YES;
				GCC_WARN_64_TO_32_BIT_CONVERSION = YES;
				GCC_WARN_ABOUT_RETURN_TYPE = YES_ERROR;
				GCC_WARN_UNDECLARED_SELECTOR = YES;
				GCC_WARN_UNINITIALIZED_AUTOS = YES_AGGRESSIVE;
				GCC_WARN_UNUSED_FUNCTION = YES;
				GCC_WARN_UNUSED_VARIABLE = YES;
				IPHONEOS_DEPLOYMENT_TARGET = 10.3;
				MTL_ENABLE_DEBUG_INFO = NO;
				SDKROOT = iphoneos;
				SWIFT_OPTIMIZATION_LEVEL = "-Owholemodule";
				VALIDATE_PRODUCT = YES;
			};
			name = Release;
		};
		02034F7F1E982667007AA66D /* Debug */ = {
			isa = XCBuildConfiguration;
			baseConfigurationReference = D5AC56A1CDCF59C67D64E7F0 /* Pods-Pokedex.debug.xcconfig */;
			buildSettings = {
				ASSETCATALOG_COMPILER_APPICON_NAME = AppIcon;
				INFOPLIST_FILE = Pokedex/Info.plist;
				LD_RUNPATH_SEARCH_PATHS = "$(inherited) @executable_path/Frameworks";
				PRODUCT_BUNDLE_IDENTIFIER = com.bailigabhanar.Pokedex;
				PRODUCT_NAME = "$(TARGET_NAME)";
				SWIFT_VERSION = 3.0;
			};
			name = Debug;
		};
		02034F801E982667007AA66D /* Release */ = {
			isa = XCBuildConfiguration;
			baseConfigurationReference = 14B79C917234A4EF04009F98 /* Pods-Pokedex.release.xcconfig */;
			buildSettings = {
				ASSETCATALOG_COMPILER_APPICON_NAME = AppIcon;
				INFOPLIST_FILE = Pokedex/Info.plist;
				LD_RUNPATH_SEARCH_PATHS = "$(inherited) @executable_path/Frameworks";
				PRODUCT_BUNDLE_IDENTIFIER = com.bailigabhanar.Pokedex;
				PRODUCT_NAME = "$(TARGET_NAME)";
				SWIFT_VERSION = 3.0;
			};
			name = Release;
		};
/* End XCBuildConfiguration section */

/* Begin XCConfigurationList section */
		02034F671E982667007AA66D /* Build configuration list for PBXProject "Pokedex" */ = {
			isa = XCConfigurationList;
			buildConfigurations = (
				02034F7C1E982667007AA66D /* Debug */,
				02034F7D1E982667007AA66D /* Release */,
			);
			defaultConfigurationIsVisible = 0;
			defaultConfigurationName = Release;
		};
		02034F7E1E982667007AA66D /* Build configuration list for PBXNativeTarget "Pokedex" */ = {
			isa = XCConfigurationList;
			buildConfigurations = (
				02034F7F1E982667007AA66D /* Debug */,
				02034F801E982667007AA66D /* Release */,
			);
			defaultConfigurationIsVisible = 0;
			defaultConfigurationName = Release;
		};
/* End XCConfigurationList section */
	};
	rootObject = 02034F641E982667007AA66D /* Project object */;
}
